<?xml version="1.0" encoding="utf-8"?>
<Project ToolsVersion="4.0" xmlns="http://schemas.microsoft.com/developer/msbuild/2003">
  <ItemGroup>
    <ClCompile Include="main.cpp" />
    <ClCompile Include="Precompiled.cpp">
      <Filter>Global</Filter>
    </ClCompile>
    <ClCompile Include="Time.cpp">
      <Filter>Utility</Filter>
    </ClCompile>
    <ClCompile Include="NoteHolder.cpp">
      <Filter>Gameplay</Filter>
    </ClCompile>
    <ClCompile Include="NoteObject.cpp">
      <Filter>Gameplay\Structs</Filter>
    </ClCompile>
    <ClCompile Include="AudioManager.cpp">
      <Filter>Gameplay</Filter>
    </ClCompile>
    <ClCompile Include="RythmnMapManager.cpp">
      <Filter>Gameplay\Maps</Filter>
    </ClCompile>
    <ClCompile Include="ScoreManager.cpp">
      <Filter>Gameplay</Filter>
    </ClCompile>
    <ClCompile Include="NoteManager.cpp">
      <Filter>Gameplay</Filter>
    </ClCompile>
    <ClCompile Include="KeyPressOnFrame.cpp">
      <Filter>Gameplay</Filter>
    </ClCompile>
    <ClCompile Include="KeyHighlightStruct.cpp">
      <Filter>Gameplay\Structs</Filter>
    </ClCompile>
  </ItemGroup>
  <ItemGroup>
    <Filter Include="Gameplay">
      <UniqueIdentifier>{6f4a51d4-b6ef-4901-89c0-572730d54a30}</UniqueIdentifier>
    </Filter>
    <Filter Include="Gameplay\Structs">
      <UniqueIdentifier>{0a696109-6671-4988-8e5c-71291d78c0a4}</UniqueIdentifier>
    </Filter>
    <Filter Include="Utility">
      <UniqueIdentifier>{ce8a2c72-5c7f-464d-88ad-f77ce70d64d9}</UniqueIdentifier>
    </Filter>
    <Filter Include="Global">
      <UniqueIdentifier>{92f1c73a-c2ea-4322-afec-74c388668350}</UniqueIdentifier>
    </Filter>
    <Filter Include="Gameplay\Maps">
      <UniqueIdentifier>{227471a7-cb06-4cf9-8b84-4a723af5aa53}</UniqueIdentifier>
    </Filter>
  </ItemGroup>
  <ItemGroup>
    <ClInclude Include="Precompiled.h">
      <Filter>Global</Filter>
    </ClInclude>
    <ClInclude Include="Time.h">
      <Filter>Utility</Filter>
    </ClInclude>
    <ClInclude Include="NoteHolder.h">
      <Filter>Gameplay</Filter>
    </ClInclude>
    <ClInclude Include="resource.h" />
    <ClInclude Include="AudioManager.h">
      <Filter>Gameplay</Filter>
    </ClInclude>
    <ClInclude Include="RythmnMapManager.h">
      <Filter>Gameplay\Maps</Filter>
    </ClInclude>
    <ClInclude Include="NoteObject.h">
      <Filter>Gameplay\Structs</Filter>
    </ClInclude>
    <ClInclude Include="GlobalConstants.h">
      <Filter>Utility</Filter>
    </ClInclude>
    <ClInclude Include="ScoreManager.h">
      <Filter>Gameplay</Filter>
    </ClInclude>
    <ClInclude Include="KeyPressOnFrame.h">
      <Filter>Gameplay</Filter>
    </ClInclude>
    <ClInclude Include="NoteManager.h">
      <Filter>Gameplay</Filter>
    </ClInclude>
    <ClInclude Include="HitType.h">
      <Filter>Gameplay\Structs</Filter>
    </ClInclude>
    <ClInclude Include="NoteTrackEnum.h">
      <Filter>Gameplay\Structs</Filter>
    </ClInclude>
    <ClInclude Include="KeyHighlightStruct.h">
      <Filter>Gameplay\Structs</Filter>
    </ClInclude>
    <ClInclude Include="DifficultyEnum.h">
      <Filter>Gameplay\Structs</Filter>
    </ClInclude>
  </ItemGroup>
  <ItemGroup>
    <ResourceCompile Include="Game.rc" />
  </ItemGroup>
</Project>